Microsoft Visual Studio Solution File, Format Version 12.00
# Visual Studio 2012
Project("{FAE04EC0-301F-11D3-BF4B-00C04F79EFBC}") = "Dungeon RPG", "Dungeon RPG.csproj", "{D6A3D039-78C0-4640-91DB-FD6CC9E750BE}"
EndProject
Global
	GlobalSection(SolutionConfigurationPlatforms) = preSolution
	Debug|Any CPU = Debug|Any CPU
	ExportDebug|Any CPU = ExportDebug|Any CPU
	ExportRelease|Any CPU = ExportRelease|Any CPU
	EndGlobalSection
	GlobalSection(ProjectConfigurationPlatforms) = postSolution
		{D6A3D039-78C0-4640-91DB-FD6CC9E750BE}.Debug|Any CPU.ActiveCfg = Debug|Any CPU
		{D6A3D039-78C0-4640-91DB-FD6CC9E750BE}.Debug|Any CPU.Build.0 = Debug|Any CPU
		{D6A3D039-78C0-4640-91DB-FD6CC9E750BE}.ExportDebug|Any CPU.ActiveCfg = ExportDebug|Any CPU
		{D6A3D039-78C0-4640-91DB-FD6CC9E750BE}.ExportDebug|Any CPU.Build.0 = ExportDebug|Any CPU
		{D6A3D039-78C0-4640-91DB-FD6CC9E750BE}.ExportRelease|Any CPU.ActiveCfg = ExportRelease|Any CPU
		{D6A3D039-78C0-4640-91DB-FD6CC9E750BE}.ExportRelease|Any CPU.Build.0 = ExportRelease|Any CPU
	EndGlobalSection
EndGlobal
